
Microsoft Visual Studio Solution File, Format Version 12.00
# Visual Studio Version 17
VisualStudioVersion = 17.11.35327.3
MinimumVisualStudioVersion = 10.0.40219.1
Project("{FAE04EC0-301F-11D3-BF4B-00C04F79EFBC}") = "TodoServerApp", "TodoServerApp\TodoServerApp.csproj", "{1370A863-C481-4359-99D2-A79E41E70E01}"
EndProject
Global
	GlobalSection(SolutionConfigurationPlatforms) = preSolution
		Debug|Any CPU = Debug|Any CPU
		Release|Any CPU = Release|Any CPU
	EndGlobalSection
	GlobalSection(ProjectConfigurationPlatforms) = postSolution
		{1370A863-C481-4359-99D2-A79E41E70E01}.Debug|Any CPU.ActiveCfg = Debug|Any CPU
		{1370A863-C481-4359-99D2-A79E41E70E01}.Debug|Any CPU.Build.0 = Debug|Any CPU
		{1370A863-C481-4359-99D2-A79E41E70E01}.Release|Any CPU.ActiveCfg = Release|Any CPU
		{1370A863-C481-4359-99D2-A79E41E70E01}.Release|Any CPU.Build.0 = Release|Any CPU
	EndGlobalSection
	GlobalSection(SolutionProperties) = preSolution
		HideSolutionNode = FALSE
	EndGlobalSection
	GlobalSection(ExtensibilityGlobals) = postSolution
		SolutionGuid = {B3F3EA58-AC92-489B-AEE1-892213C46814}
	EndGlobalSection
EndGlobal
